
Microsoft Visual Studio Solution File, Format Version 12.00
# Visual Studio Version 16
VisualStudioVersion = 16.0.29806.167
MinimumVisualStudioVersion = 10.0.40219.1
Project("{FAE04EC0-301F-11D3-BF4B-00C04F79EFBC}") = "Cuantos numeros son positivos", "Cuantos numeros son positivos\Cuantos numeros son positivos.csproj", "{912E87E6-4871-4B36-ACA9-7A2DE51B820D}"
EndProject
Global
	GlobalSection(SolutionConfigurationPlatforms) = preSolution
		Debug|Any CPU = Debug|Any CPU
		Release|Any CPU = Release|Any CPU
	EndGlobalSection
	GlobalSection(ProjectConfigurationPlatforms) = postSolution
		{912E87E6-4871-4B36-ACA9-7A2DE51B820D}.Debug|Any CPU.ActiveCfg = Debug|Any CPU
		{912E87E6-4871-4B36-ACA9-7A2DE51B820D}.Debug|Any CPU.Build.0 = Debug|Any CPU
		{912E87E6-4871-4B36-ACA9-7A2DE51B820D}.Release|Any CPU.ActiveCfg = Release|Any CPU
		{912E87E6-4871-4B36-ACA9-7A2DE51B820D}.Release|Any CPU.Build.0 = Release|Any CPU
	EndGlobalSection
	GlobalSection(SolutionProperties) = preSolution
		HideSolutionNode = FALSE
	EndGlobalSection
	GlobalSection(ExtensibilityGlobals) = postSolution
		SolutionGuid = {DD624C86-A481-499B-9D70-111877F53E9B}
	EndGlobalSection
EndGlobal
